
Microsoft Visual Studio Solution File, Format Version 12.00
# Visual Studio Version 17
VisualStudioVersion = 17.9.34616.47
MinimumVisualStudioVersion = 10.0.40219.1
Project("{FAE04EC0-301F-11D3-BF4B-00C04F79EFBC}") = "tpmodul2_1302223006", "tpmodul2_1302223006\tpmodul2_1302223006.csproj", "{E4ACD65F-6025-4FAC-942C-3077D2AB9879}"
EndProject
Global
	GlobalSection(SolutionConfigurationPlatforms) = preSolution
		Debug|Any CPU = Debug|Any CPU
		Release|Any CPU = Release|Any CPU
	EndGlobalSection
	GlobalSection(ProjectConfigurationPlatforms) = postSolution
		{E4ACD65F-6025-4FAC-942C-3077D2AB9879}.Debug|Any CPU.ActiveCfg = Debug|Any CPU
		{E4ACD65F-6025-4FAC-942C-3077D2AB9879}.Debug|Any CPU.Build.0 = Debug|Any CPU
		{E4ACD65F-6025-4FAC-942C-3077D2AB9879}.Release|Any CPU.ActiveCfg = Release|Any CPU
		{E4ACD65F-6025-4FAC-942C-3077D2AB9879}.Release|Any CPU.Build.0 = Release|Any CPU
	EndGlobalSection
	GlobalSection(SolutionProperties) = preSolution
		HideSolutionNode = FALSE
	EndGlobalSection
	GlobalSection(ExtensibilityGlobals) = postSolution
		SolutionGuid = {FDD8076C-B284-454B-97AE-5139C1936F22}
	EndGlobalSection
EndGlobal
